dependencies:
  idf:
    source:
      type: idf
    version: 5.4.0
  jeremytubongbanua/atchops:
    component_hash: 1c5a210cc19e77d0da5daf53a0e38b61c4806f2e8f63315b2018568ae8b26137
    dependencies:
    - name: jeremytubongbanua/atlogger
      registry_url: https://components.espressif.com/
      require: private
      version: 0.1.0
    - name: jeremytubongbanua/uuid4
      registry_url: https://components.espressif.com/
      require: private
      version: 1.0.3
    source:
      registry_url: https://components.espressif.com/
      type: service
    version: 0.1.1
  jeremytubongbanua/atclient:
    component_hash: bbe86d8c724e27f939fefe82392378e68244a772380e585a64605180872f73b7
    dependencies:
    - name: jeremytubongbanua/atchops
      registry_url: https://components.espressif.com/
      require: private
      version: 0.1.1
    - name: jeremytubongbanua/atlogger
      registry_url: https://components.espressif.com/
      require: private
      version: 0.1.0
    source:
      registry_url: https://components.espressif.com/
      type: service
    version: 0.1.1
  jeremytubongbanua/atlogger:
    component_hash: 4f0f1b91829b2121a41a0a126a48159f955e1c5de0653efdb272db0f97dc6637
    dependencies: []
    source:
      registry_url: https://components.espressif.com/
      type: service
    version: 0.1.0
  jeremytubongbanua/uuid4:
    component_hash: 93e97ce8dcbaf15e3cd5e94e6e493d6389db9eebc59eb7ee8139d16ce3407b4d
    dependencies: []
    source:
      registry_url: https://components.espressif.com/
      type: service
    version: 1.0.3
direct_dependencies:
- idf
- jeremytubongbanua/atclient
manifest_hash: 3cf3062f648d080698e8cee03a7b92a7b9752657bebe63595a082f4b7758fe3e
target: esp32
version: 2.0.0
